// !$*UTF8*$!
{
	archiveVersion = 1;
	classes = {
	};
	objectVersion = 46;
	objects = {

/* Begin PBXBuildFile section */
		84D9DB1C1AE6A360003C69B3 /* main.m in Sources */ = {isa = PBXBuildFile; fileRef = 84D9DB1B1AE6A360003C69B3 /* main.m */; };
		84D9DB1F1AE6A360003C69B3 /* AppDelegate.m in Sources */ = {isa = PBXBuildFile; fileRef = 84D9DB1E1AE6A360003C69B3 /* AppDelegate.m */; };
		84D9DB221AE6A360003C69B3 /* ListViewController.m in Sources */ = {isa = PBXBuildFile; fileRef = 84D9DB211AE6A360003C69B3 /* ListViewController.m */; };
		84D9DB251AE6A360003C69B3 /* MapViewController.m in Sources */ = {isa = PBXBuildFile; fileRef = 84D9DB241AE6A360003C69B3 /* MapViewController.m */; };
		84D9DB281AE6A360003C69B3 /* Main.storyboard in Resources */ = {isa = PBXBuildFile; fileRef = 84D9DB261AE6A360003C69B3 /* Main.storyboard */; };
		84D9DB2A1AE6A360003C69B3 /* Images.xcassets in Resources */ = {isa = PBXBuildFile; fileRef = 84D9DB291AE6A360003C69B3 /* Images.xcassets */; };
		84D9DB2D1AE6A360003C69B3 /* LaunchScreen.xib in Resources */ = {isa = PBXBuildFile; fileRef = 84D9DB2B1AE6A360003C69B3 /* LaunchScreen.xib */; };
		84D9DB391AE6A360003C69B3 /* Hotels_Coding_TestTests.m in Sources */ = {isa = PBXBuildFile; fileRef = 84D9DB381AE6A360003C69B3 /* Hotels_Coding_TestTests.m */; };
		84D9DB471AE6BF2E003C69B3 /* Hotel.m in Sources */ = {isa = PBXBuildFile; fileRef = 84D9DB461AE6BF2E003C69B3 /* Hotel.m */; };
		84D9DB4B1AE6C75B003C69B3 /* hotels.json in Resources */ = {isa = PBXBuildFile; fileRef = 84D9DB4A1AE6C75B003C69B3 /* hotels.json */; };
		84D9DB4E1AE6C80F003C69B3 /* HotelManager.m in Sources */ = {isa = PBXBuildFile; fileRef = 84D9DB4D1AE6C80F003C69B3 /* HotelManager.m */; };
/* End PBXBuildFile section */

/* Begin PBXContainerItemProxy section */
		84D9DB331AE6A360003C69B3 /* PBXContainerItemProxy */ = {
			isa = PBXContainerItemProxy;
			containerPortal = 84D9DB0E1AE6A360003C69B3 /* Project object */;
			proxyType = 1;
			remoteGlobalIDString = 84D9DB151AE6A360003C69B3;
			remoteInfo = "Hotels Coding Test";
		};
/* End PBXContainerItemProxy section */

/* Begin PBXFileReference section */
		84D9DB161AE6A360003C69B3 /* Hotels Coding Test.app */ = {isa = PBXFileReference; explicitFileType = wrapper.application; includeInIndex = 0; path = "Hotels Coding Test.app"; sourceTree = BUILT_PRODUCTS_DIR; };
		84D9DB1A1AE6A360003C69B3 /* Info.plist */ = {isa = PBXFileReference; lastKnownFileType = text.plist.xml; path = Info.plist; sourceTree = "<group>"; };
		84D9DB1B1AE6A360003C69B3 /* main.m */ = {isa = PBXFileReference; lastKnownFileType = sourcecode.c.objc; path = main.m; sourceTree = "<group>"; };
		84D9DB1D1AE6A360003C69B3 /* AppDelegate.h */ = {isa = PBXFileReference; lastKnownFileType = sourcecode.c.h; path = AppDelegate.h; sourceTree = "<group>"; };
		84D9DB1E1AE6A360003C69B3 /* AppDelegate.m */ = {isa = PBXFileReference; lastKnownFileType = sourcecode.c.objc; path = AppDelegate.m; sourceTree = "<group>"; };
		84D9DB201AE6A360003C69B3 /* ListViewController.h */ = {isa = PBXFileReference; lastKnownFileType = sourcecode.c.h; path = ListViewController.h; sourceTree = "<group>"; };
		84D9DB211AE6A360003C69B3 /* ListViewController.m */ = {isa = PBXFileReference; lastKnownFileType = sourcecode.c.objc; path = ListViewController.m; sourceTree = "<group>"; };
		84D9DB231AE6A360003C69B3 /* MapViewController.h */ = {isa = PBXFileReference; lastKnownFileType = sourcecode.c.h; path = MapViewController.h; sourceTree = "<group>"; };
		84D9DB241AE6A360003C69B3 /* MapViewController.m */ = {isa = PBXFileReference; lastKnownFileType = sourcecode.c.objc; path = MapViewController.m; sourceTree = "<group>"; };
		84D9DB271AE6A360003C69B3 /* Base */ = {isa = PBXFileReference; lastKnownFileType = file.storyboard; name = Base; path = Base.lproj/Main.storyboard; sourceTree = "<group>"; };
		84D9DB291AE6A360003C69B3 /* Images.xcassets */ = {isa = PBXFileReference; lastKnownFileType = folder.assetcatalog; path = Images.xcassets; sourceTree = "<group>"; };
		84D9DB2C1AE6A360003C69B3 /* Base */ = {isa = PBXFileReference; lastKnownFileType = file.xib; name = Base; path = Base.lproj/LaunchScreen.xib; sourceTree = "<group>"; };
		84D9DB321AE6A360003C69B3 /* Hotels Coding TestTests.xctest */ = {isa = PBXFileReference; explicitFileType = wrapper.cfbundle; includeInIndex = 0; path = "Hotels Coding TestTests.xctest"; sourceTree = BUILT_PRODUCTS_DIR; };
		84D9DB371AE6A360003C69B3 /* Info.plist */ = {isa = PBXFileReference; lastKnownFileType = text.plist.xml; path = Info.plist; sourceTree = "<group>"; };
		84D9DB381AE6A360003C69B3 /* Hotels_Coding_TestTests.m */ = {isa = PBXFileReference; lastKnownFileType = sourcecode.c.objc; path = Hotels_Coding_TestTests.m; sourceTree = "<group>"; };
		84D9DB451AE6BF2E003C69B3 /* Hotel.h */ = {isa = PBXFileReference; fileEncoding = 4; lastKnownFileType = sourcecode.c.h; path = Hotel.h; sourceTree = "<group>"; };
		84D9DB461AE6BF2E003C69B3 /* Hotel.m */ = {isa = PBXFileReference; fileEncoding = 4; lastKnownFileType = sourcecode.c.objc; path = Hotel.m; sourceTree = "<group>"; };
		84D9DB4A1AE6C75B003C69B3 /* hotels.json */ = {isa = PBXFileReference; fileEncoding = 4; lastKnownFileType = text.json; path = hotels.json; sourceTree = "<group>"; };
		84D9DB4C1AE6C80F003C69B3 /* HotelManager.h */ = {isa = PBXFileReference; fileEncoding = 4; lastKnownFileType = sourcecode.c.h; path = HotelManager.h; sourceTree = "<group>"; };
		84D9DB4D1AE6C80F003C69B3 /* HotelManager.m */ = {isa = PBXFileReference; fileEncoding = 4; lastKnownFileType = sourcecode.c.objc; path = HotelManager.m; sourceTree = "<group>"; };
/* End PBXFileReference section */

/* Begin PBXFrameworksBuildPhase section */
		84D9DB131AE6A360003C69B3 /* Frameworks */ = {
			isa = PBXFrameworksBuildPhase;
			buildActionMask = 2147483647;
			files = (
			);
			runOnlyForDeploymentPostprocessing = 0;
		};
		84D9DB2F1AE6A360003C69B3 /* Frameworks */ = {
			isa = PBXFrameworksBuildPhase;
			buildActionMask = 2147483647;
			files = (
			);
			runOnlyForDeploymentPostprocessing = 0;
		};
/* End PBXFrameworksBuildPhase section */

/* Begin PBXGroup section */
		84D9DB0D1AE6A360003C69B3 = {
			isa = PBXGroup;
			children = (
				84D9DB181AE6A360003C69B3 /* Hotels Coding Test */,
				84D9DB351AE6A360003C69B3 /* Hotels Coding TestTests */,
				84D9DB171AE6A360003C69B3 /* Products */,
			);
			sourceTree = "<group>";
		};
		84D9DB171AE6A360003C69B3 /* Products */ = {
			isa = PBXGroup;
			children = (
				84D9DB161AE6A360003C69B3 /* Hotels Coding Test.app */,
				84D9DB321AE6A360003C69B3 /* Hotels Coding TestTests.xctest */,
			);
			name = Products;
			sourceTree = "<group>";
		};
		84D9DB181AE6A360003C69B3 /* Hotels Coding Test */ = {
			isa = PBXGroup;
			children = (
				84D9DB441AE6BF0A003C69B3 /* Model */,
				84D9DB1D1AE6A360003C69B3 /* AppDelegate.h */,
				84D9DB1E1AE6A360003C69B3 /* AppDelegate.m */,
				84D9DB201AE6A360003C69B3 /* ListViewController.h */,
				84D9DB211AE6A360003C69B3 /* ListViewController.m */,
				84D9DB231AE6A360003C69B3 /* MapViewController.h */,
				84D9DB241AE6A360003C69B3 /* MapViewController.m */,
				84D9DB261AE6A360003C69B3 /* Main.storyboard */,
				84D9DB291AE6A360003C69B3 /* Images.xcassets */,
				84D9DB2B1AE6A360003C69B3 /* LaunchScreen.xib */,
				84D9DB191AE6A360003C69B3 /* Supporting Files */,
			);
			path = "Hotels Coding Test";
			sourceTree = "<group>";
		};
		84D9DB191AE6A360003C69B3 /* Supporting Files */ = {
			isa = PBXGroup;
			children = (
				84D9DB1A1AE6A360003C69B3 /* Info.plist */,
				84D9DB1B1AE6A360003C69B3 /* main.m */,
			);
			name = "Supporting Files";
			sourceTree = "<group>";
		};
		84D9DB351AE6A360003C69B3 /* Hotels Coding TestTests */ = {
			isa = PBXGroup;
			children = (
				84D9DB381AE6A360003C69B3 /* Hotels_Coding_TestTests.m */,
				84D9DB361AE6A360003C69B3 /* Supporting Files */,
			);
			path = "Hotels Coding TestTests";
			sourceTree = "<group>";
		};
		84D9DB361AE6A360003C69B3 /* Supporting Files */ = {
			isa = PBXGroup;
			children = (
				84D9DB371AE6A360003C69B3 /* Info.plist */,
			);
			name = "Supporting Files";
			sourceTree = "<group>";
		};
		84D9DB441AE6BF0A003C69B3 /* Model */ = {
			isa = PBXGroup;
			children = (
				84D9DB4C1AE6C80F003C69B3 /* HotelManager.h */,
				84D9DB4D1AE6C80F003C69B3 /* HotelManager.m */,
				84D9DB451AE6BF2E003C69B3 /* Hotel.h */,
				84D9DB461AE6BF2E003C69B3 /* Hotel.m */,
				84D9DB4A1AE6C75B003C69B3 /* hotels.json */,
			);
			name = Model;
			sourceTree = "<group>";
		};
/* End PBXGroup section */

/* Begin PBXNativeTarget section */
		84D9DB151AE6A360003C69B3 /* Hotels Coding Test */ = {
			isa = PBXNativeTarget;
			buildConfigurationList = 84D9DB3C1AE6A360003C69B3 /* Build configuration list for PBXNativeTarget "Hotels Coding Test" */;
			buildPhases = (
				84D9DB121AE6A360003C69B3 /* Sources */,
				84D9DB131AE6A360003C69B3 /* Frameworks */,
				84D9DB141AE6A360003C69B3 /* Resources */,
			);
			buildRules = (
			);
			dependencies = (
			);
			name = "Hotels Coding Test";
			productName = "Hotels Coding Test";
			productReference = 84D9DB161AE6A360003C69B3 /* Hotels Coding Test.app */;
			productType = "com.apple.product-type.application";
		};
		84D9DB311AE6A360003C69B3 /* Hotels Coding TestTests */ = {
			isa = PBXNativeTarget;
			buildConfigurationList = 84D9DB3F1AE6A360003C69B3 /* Build configuration list for PBXNativeTarget "Hotels Coding TestTests" */;
			buildPhases = (
				84D9DB2E1AE6A360003C69B3 /* Sources */,
				84D9DB2F1AE6A360003C69B3 /* Frameworks */,
				84D9DB301AE6A360003C69B3 /* Resources */,
			);
			buildRules = (
			);
			dependencies = (
				84D9DB341AE6A360003C69B3 /* PBXTargetDependency */,
			);
			name = "Hotels Coding TestTests";
			productName = "Hotels Coding TestTests";
			productReference = 84D9DB321AE6A360003C69B3 /* Hotels Coding TestTests.xctest */;
			productType = "com.apple.product-type.bundle.unit-test";
		};
/* End PBXNativeTarget section */

/* Begin PBXProject section */
		84D9DB0E1AE6A360003C69B3 /* Project object */ = {
			isa = PBXProject;
			attributes = {
				LastUpgradeCheck = 0620;
				ORGANIZATIONNAME = "Caleb Lee";
				TargetAttributes = {
					84D9DB151AE6A360003C69B3 = {
						CreatedOnToolsVersion = 6.2;
					};
					84D9DB311AE6A360003C69B3 = {
						CreatedOnToolsVersion = 6.2;
						TestTargetID = 84D9DB151AE6A360003C69B3;
					};
				};
			};
			buildConfigurationList = 84D9DB111AE6A360003C69B3 /* Build configuration list for PBXProject "Hotels Coding Test" */;
			compatibilityVersion = "Xcode 3.2";
			developmentRegion = English;
			hasScannedForEncodings = 0;
			knownRegions = (
				en,
				Base,
			);
			mainGroup = 84D9DB0D1AE6A360003C69B3;
			productRefGroup = 84D9DB171AE6A360003C69B3 /* Products */;
			projectDirPath = "";
			projectRoot = "";
			targets = (
				84D9DB151AE6A360003C69B3 /* Hotels Coding Test */,
				84D9DB311AE6A360003C69B3 /* Hotels Coding TestTests */,
			);
		};
/* End PBXProject section */

/* Begin PBXResourcesBuildPhase section */
		84D9DB141AE6A360003C69B3 /* Resources */ = {
			isa = PBXResourcesBuildPhase;
			buildActionMask = 2147483647;
			files = (
				84D9DB281AE6A360003C69B3 /* Main.storyboard in Resources */,
				84D9DB2D1AE6A360003C69B3 /* LaunchScreen.xib in Resources */,
				84D9DB4B1AE6C75B003C69B3 /* hotels.json in Resources */,
				84D9DB2A1AE6A360003C69B3 /* Images.xcassets in Resources */,
			);
			runOnlyForDeploymentPostprocessing = 0;
		};
		84D9DB301AE6A360003C69B3 /* Resources */ = {
			isa = PBXResourcesBuildPhase;
			buildActionMask = 2147483647;
			files = (
			);
			runOnlyForDeploymentPostprocessing = 0;
		};
/* End PBXResourcesBuildPhase section */

/* Begin PBXSourcesBuildPhase section */
		84D9DB121AE6A360003C69B3 /* Sources */ = {
			isa = PBXSourcesBuildPhase;
			buildActionMask = 2147483647;
			files = (
				84D9DB4E1AE6C80F003C69B3 /* HotelManager.m in Sources */,
				84D9DB251AE6A360003C69B3 /* MapViewController.m in Sources */,
				84D9DB1F1AE6A360003C69B3 /* AppDelegate.m in Sources */,
				84D9DB221AE6A360003C69B3 /* ListViewController.m in Sources */,
				84D9DB471AE6BF2E003C69B3 /* Hotel.m in Sources */,
				84D9DB1C1AE6A360003C69B3 /* main.m in Sources */,
			);
			runOnlyForDeploymentPostprocessing = 0;
		};
		84D9DB2E1AE6A360003C69B3 /* Sources */ = {
			isa = PBXSourcesBuildPhase;
			buildActionMask = 2147483647;
			files = (
				84D9DB391AE6A360003C69B3 /* Hotels_Coding_TestTests.m in Sources */,
			);
			runOnlyForDeploymentPostprocessing = 0;
		};
/* End PBXSourcesBuildPhase section */

/* Begin PBXTargetDependency section */
		84D9DB341AE6A360003C69B3 /* PBXTargetDependency */ = {
			isa = PBXTargetDependency;
			target = 84D9DB151AE6A360003C69B3 /* Hotels Coding Test */;
			targetProxy = 84D9DB331AE6A360003C69B3 /* PBXContainerItemProxy */;
		};
/* End PBXTargetDependency section */

/* Begin PBXVariantGroup section */
		84D9DB261AE6A360003C69B3 /* Main.storyboard */ = {
			isa = PBXVariantGroup;
			children = (
				84D9DB271AE6A360003C69B3 /* Base */,
			);
			name = Main.storyboard;
			sourceTree = "<group>";
		};
		84D9DB2B1AE6A360003C69B3 /* LaunchScreen.xib */ = {
			isa = PBXVariantGroup;
			children = (
				84D9DB2C1AE6A360003C69B3 /* Base */,
			);
			name = LaunchScreen.xib;
			sourceTree = "<group>";
		};
/* End PBXVariantGroup section */

/* Begin XCBuildConfiguration section */
		84D9DB3A1AE6A360003C69B3 /* Debug */ = {
			isa = XCBuildConfiguration;
			buildSettings = {
				ALWAYS_SEARCH_USER_PATHS = NO;
				CLANG_CXX_LANGUAGE_STANDARD = "gnu++0x";
				CLANG_CXX_LIBRARY = "libc++";
				CLANG_ENABLE_MODULES = YES;
				CLANG_ENABLE_OBJC_ARC = YES;
				CLANG_WARN_BOOL_CONVERSION = YES;
				CLANG_WARN_CONSTANT_CONVERSION = YES;
				CLANG_WARN_DIRECT_OBJC_ISA_USAGE = YES_ERROR;
				CLANG_WARN_EMPTY_BODY = YES;
				CLANG_WARN_ENUM_CONVERSION = YES;
				CLANG_WARN_INT_CONVERSION = YES;
				CLANG_WARN_OBJC_ROOT_CLASS = YES_ERROR;
				CLANG_WARN_UNREACHABLE_CODE = YES;
				CLANG_WARN__DUPLICATE_METHOD_MATCH = YES;
				"CODE_SIGN_IDENTITY[sdk=iphoneos*]" = "iPhone Developer";
				COPY_PHASE_STRIP = NO;
				ENABLE_STRICT_OBJC_MSGSEND = YES;
				GCC_C_LANGUAGE_STANDARD = gnu99;
				GCC_DYNAMIC_NO_PIC = NO;
				GCC_OPTIMIZATION_LEVEL = 0;
				GCC_PREPROCESSOR_DEFINITIONS = (
					"DEBUG=1",
					"$(inherited)",
				);
				GCC_SYMBOLS_PRIVATE_EXTERN = NO;
				GCC_WARN_64_TO_32_BIT_CONVERSION = YES;
				GCC_WARN_ABOUT_RETURN_TYPE = YES_ERROR;
				GCC_WARN_UNDECLARED_SELECTOR = YES;
				GCC_WARN_UNINITIALIZED_AUTOS = YES_AGGRESSIVE;
				GCC_WARN_UNUSED_FUNCTION = YES;
				GCC_WARN_UNUSED_VARIABLE = YES;
				IPHONEOS_DEPLOYMENT_TARGET = 8.2;
				MTL_ENABLE_DEBUG_INFO = YES;
				ONLY_ACTIVE_ARCH = YES;
				SDKROOT = iphoneos;
			};
			name = Debug;
		};
		84D9DB3B1AE6A360003C69B3 /* Release */ = {
			isa = XCBuildConfiguration;
			buildSettings = {
				ALWAYS_SEARCH_USER_PATHS = NO;
				CLANG_CXX_LANGUAGE_STANDARD = "gnu++0x";
				CLANG_CXX_LIBRARY = "libc++";
				CLANG_ENABLE_MODULES = YES;
				CLANG_ENABLE_OBJC_ARC = YES;
				CLANG_WARN_BOOL_CONVERSION = YES;
				CLANG_WARN_CONSTANT_CONVERSION = YES;
				CLANG_WARN_DIRECT_OBJC_ISA_USAGE = YES_ERROR;
				CLANG_WARN_EMPTY_BODY = YES;
				CLANG_WARN_ENUM_CONVERSION = YES;
				CLANG_WARN_INT_CONVERSION = YES;
				CLANG_WARN_OBJC_ROOT_CLASS = YES_ERROR;
				CLANG_WARN_UNREACHABLE_CODE = YES;
				CLANG_WARN__DUPLICATE_METHOD_MATCH = YES;
				"CODE_SIGN_IDENTITY[sdk=iphoneos*]" = "iPhone Developer";
				COPY_PHASE_STRIP = NO;
				ENABLE_NS_ASSERTIONS = NO;
				ENABLE_STRICT_OBJC_MSGSEND = YES;
				GCC_C_LANGUAGE_STANDARD = gnu99;
				GCC_WARN_64_TO_32_BIT_CONVERSION = YES;
				GCC_WARN_ABOUT_RETURN_TYPE = YES_ERROR;
				GCC_WARN_UNDECLARED_SELECTOR = YES;
				GCC_WARN_UNINITIALIZED_AUTOS = YES_AGGRESSIVE;
				GCC_WARN_UNUSED_FUNCTION = YES;
				GCC_WARN_UNUSED_VARIABLE = YES;
				IPHONEOS_DEPLOYMENT_TARGET = 8.2;
				MTL_ENABLE_DEBUG_INFO = NO;
				SDKROOT = iphoneos;
				VALIDATE_PRODUCT = YES;
			};
			name = Release;
		};
		84D9DB3D1AE6A360003C69B3 /* Debug */ = {
			isa = XCBuildConfiguration;
			buildSettings = {
				ASSETCATALOG_COMPILER_APPICON_NAME = AppIcon;
				INFOPLIST_FILE = "Hotels Coding Test/Info.plist";
				LD_RUNPATH_SEARCH_PATHS = "$(inherited) @executable_path/Frameworks";
				PRODUCT_NAME = "$(TARGET_NAME)";
			};
			name = Debug;
		};
		84D9DB3E1AE6A360003C69B3 /* Release */ = {
			isa = XCBuildConfiguration;
			buildSettings = {
				ASSETCATALOG_COMPILER_APPICON_NAME = AppIcon;
				INFOPLIST_FILE = "Hotels Coding Test/Info.plist";
				LD_RUNPATH_SEARCH_PATHS = "$(inherited) @executable_path/Frameworks";
				PRODUCT_NAME = "$(TARGET_NAME)";
			};
			name = Release;
		};
		84D9DB401AE6A360003C69B3 /* Debug */ = {
			isa = XCBuildConfiguration;
			buildSettings = {
				BUNDLE_LOADER = "$(TEST_HOST)";
				FRAMEWORK_SEARCH_PATHS = (
					"$(SDKROOT)/Developer/Library/Frameworks",
					"$(inherited)",
				);
				GCC_PREPROCESSOR_DEFINITIONS = (
					"DEBUG=1",
					"$(inherited)",
				);
				INFOPLIST_FILE = "Hotels Coding TestTests/Info.plist";
				LD_RUNPATH_SEARCH_PATHS = "$(inherited) @executable_path/Frameworks @loader_path/Frameworks";
				PRODUCT_NAME = "$(TARGET_NAME)";
				TEST_HOST = "$(BUILT_PRODUCTS_DIR)/Hotels Coding Test.app/Hotels Coding Test";
			};
			name = Debug;
		};
		84D9DB411AE6A360003C69B3 /* Release */ = {
			isa = XCBuildConfiguration;
			buildSettings = {
				BUNDLE_LOADER = "$(TEST_HOST)";
				FRAMEWORK_SEARCH_PATHS = (
					"$(SDKROOT)/Developer/Library/Frameworks",
					"$(inherited)",
				);
				INFOPLIST_FILE = "Hotels Coding TestTests/Info.plist";
				LD_RUNPATH_SEARCH_PATHS = "$(inherited) @executable_path/Frameworks @loader_path/Frameworks";
				PRODUCT_NAME = "$(TARGET_NAME)";
				TEST_HOST = "$(BUILT_PRODUCTS_DIR)/Hotels Coding Test.app/Hotels Coding Test";
			};
			name = Release;
		};
/* End XCBuildConfiguration section */

/* Begin XCConfigurationList section */
		84D9DB111AE6A360003C69B3 /* Build configuration list for PBXProject "Hotels Coding Test" */ = {
			isa = XCConfigurationList;
			buildConfigurations = (
				84D9DB3A1AE6A360003C69B3 /* Debug */,
				84D9DB3B1AE6A360003C69B3 /* Release */,
			);
			defaultConfigurationIsVisible = 0;
			defaultConfigurationName = Release;
		};
		84D9DB3C1AE6A360003C69B3 /* Build configuration list for PBXNativeTarget "Hotels Coding Test" */ = {
			isa = XCConfigurationList;
			buildConfigurations = (
				84D9DB3D1AE6A360003C69B3 /* Debug */,
				84D9DB3E1AE6A360003C69B3 /* Release */,
			);
			defaultConfigurationIsVisible = 0;
			defaultConfigurationName = Release;
		};
		84D9DB3F1AE6A360003C69B3 /* Build configuration list for PBXNativeTarget "Hotels Coding TestTests" */ = {
			isa = XCConfigurationList;
			buildConfigurations = (
				84D9DB401AE6A360003C69B3 /* Debug */,
				84D9DB411AE6A360003C69B3 /* Release */,
			);
			defaultConfigurationIsVisible = 0;
			defaultConfigurationName = Release;
		};
/* End XCConfigurationList section */
	};
	rootObject = 84D9DB0E1AE6A360003C69B3 /* Project object */;
}
